
Microsoft Visual Studio Solution File, Format Version 12.00
# Visual Studio Version 17
VisualStudioVersion = 17.0.31903.59
MinimumVisualStudioVersion = 10.0.40219.1
Project("{2150E333-8FDC-42A3-9474-1A3956D46DE8}") = "src", "src", "{827E0CD3-B72D-47B6-A68D-7590B98EB39B}"
EndProject
Project("{FAE04EC0-301F-11D3-BF4B-00C04F79EFBC}") = "ETS2Tachograph.Core", "src\ETS2Tachograph.Core\ETS2Tachograph.Core.csproj", "{FD7FE883-1FE0-4C4C-B8C1-78DB70D22216}"
EndProject
Project("{FAE04EC0-301F-11D3-BF4B-00C04F79EFBC}") = "ETS2Tachograph.Core.Tests", "tests\ETS2Tachograph.Core.Tests\ETS2Tachograph.Core.Tests.csproj", "{7B22E41C-886E-42C4-8B7D-F08682F9F6D6}"
EndProject
Project("{FAE04EC0-301F-11D3-BF4B-00C04F79EFBC}") = "ETS2Tachograph.Telemetry.Scs", "src\ETS2Tachograph.Telemetry.Scs\ETS2Tachograph.Telemetry.Scs.csproj", "{FD5A276B-4A80-4626-BCC9-04FE08F9CF4D}"
EndProject
Project("{FAE04EC0-301F-11D3-BF4B-00C04F79EFBC}") = "ETS2Tachograph.Telemetry.Scs.Tests", "tests\ETS2Tachograph.Telemetry.Scs.Tests\ETS2Tachograph.Telemetry.Scs.Tests.csproj", "{F4E2B11A-FC1F-4E8D-BABA-AD414810BD45}"
EndProject
Project("{2150E333-8FDC-42A3-9474-1A3956D46DE8}") = "tools", "tools", "{07C2787E-EAC7-C090-1BA3-A61EC2A24D84}"
EndProject
Project("{FAE04EC0-301F-11D3-BF4B-00C04F79EFBC}") = "ETS2Tachograph.Telemetry.Monitor", "tools\ETS2Tachograph.Telemetry.Monitor\ETS2Tachograph.Telemetry.Monitor.csproj", "{7E56D4DC-8B08-41AC-8957-CB90C4FF4F35}"
EndProject
Project("{FAE04EC0-301F-11D3-BF4B-00C04F79EFBC}") = "ETS2Tachograph.RuleEngine", "src\ETS2Tachograph.RuleEngine\ETS2Tachograph.RuleEngine.csproj", "{7F28E557-68C8-4D88-8C2C-DCD20C11FA33}"
EndProject
Project("{FAE04EC0-301F-11D3-BF4B-00C04F79EFBC}") = "ETS2Tachograph.RuleEngine.Tests", "tests\ETS2Tachograph.RuleEngine.Tests\ETS2Tachograph.RuleEngine.Tests.csproj", "{F94802FE-9848-4743-96FD-BA7FCD09892A}"
EndProject
Project("{FAE04EC0-301F-11D3-BF4B-00C04F79EFBC}") = "ETS2Tachograph.Engine", "src\ETS2Tachograph.Engine\ETS2Tachograph.Engine.csproj", "{4D98D7F8-1218-453E-80B1-0CB2D9482FBE}"
EndProject
Project("{FAE04EC0-301F-11D3-BF4B-00C04F79EFBC}") = "ETS2Tachograph.Engine.Tests", "tests\ETS2Tachograph.Engine.Tests\ETS2Tachograph.Engine.Tests.csproj", "{985A9D7D-7938-4D9D-8E51-39F145A9B470}"
EndProject
Project("{FAE04EC0-301F-11D3-BF4B-00C04F79EFBC}") = "ETS2Tachograph.Infrastructure", "src\ETS2Tachograph.Infrastructure\ETS2Tachograph.Infrastructure.csproj", "{F8C6B06B-5612-4711-8D62-3A01C0557BAD}"
EndProject
Project("{FAE04EC0-301F-11D3-BF4B-00C04F79EFBC}") = "ETS2Tachograph.Application", "src\ETS2Tachograph.Application\ETS2Tachograph.Application.csproj", "{B1CFEC60-3C26-4D8F-8635-8B8775852174}"
EndProject
Project("{FAE04EC0-301F-11D3-BF4B-00C04F79EFBC}") = "ETS2Tachograph.Infrastructure.Tests", "tests\ETS2Tachograph.Infrastructure.Tests\ETS2Tachograph.Infrastructure.Tests.csproj", "{F185EEB0-8512-4BB6-804A-48133FC7423D}"
EndProject
Project("{FAE04EC0-301F-11D3-BF4B-00C04F79EFBC}") = "ETS2Tachograph.Application.Tests", "tests\ETS2Tachograph.Application.Tests\ETS2Tachograph.Application.Tests.csproj", "{688EC12B-3A89-4FBA-ABEB-D8A5C8026887}"
EndProject
Project("{FAE04EC0-301F-11D3-BF4B-00C04F79EFBC}") = "ETS2Tachograph.Desktop", "src\ETS2Tachograph.Desktop\ETS2Tachograph.Desktop.csproj", "{2C2BE25C-7220-4768-85D3-4960947140B7}"
EndProject
Project("{FAE04EC0-301F-11D3-BF4B-00C04F79EFBC}") = "ETS2Tachograph.Reports", "src\ETS2Tachograph.Reports\ETS2Tachograph.Reports.csproj", "{51DC5177-9489-4976-9A85-9019CACEB8F7}"
EndProject
Project("{2150E333-8FDC-42A3-9474-1A3956D46DE8}") = "tests", "tests", "{0AB3BF05-4346-4AA6-1389-037BE0695223}"
EndProject
Project("{FAE04EC0-301F-11D3-BF4B-00C04F79EFBC}") = "ETS2Tachograph.Reports.Tests", "tests\ETS2Tachograph.Reports.Tests\ETS2Tachograph.Reports.Tests.csproj", "{2BDC73F9-8772-4A0D-B260-C01CA600CD95}"
EndProject
Project("{FAE04EC0-301F-11D3-BF4B-00C04F79EFBC}") = "ETS2Tachograph.Desktop.Tests", "tests\ETS2Tachograph.Desktop.Tests\ETS2Tachograph.Desktop.Tests.csproj", "{D58031DF-5A99-4FF2-9A76-6907C28F7FB5}"
EndProject
Global
	GlobalSection(SolutionConfigurationPlatforms) = preSolution
		Debug|Any CPU = Debug|Any CPU
		Debug|x64 = Debug|x64
		Debug|x86 = Debug|x86
		Release|Any CPU = Release|Any CPU
		Release|x64 = Release|x64
		Release|x86 = Release|x86
	EndGlobalSection
	GlobalSection(ProjectConfigurationPlatforms) = postSolution
		{FD7FE883-1FE0-4C4C-B8C1-78DB70D22216}.Debug|Any CPU.ActiveCfg = Debug|Any CPU
		{FD7FE883-1FE0-4C4C-B8C1-78DB70D22216}.Debug|Any CPU.Build.0 = Debug|Any CPU
		{FD7FE883-1FE0-4C4C-B8C1-78DB70D22216}.Debug|x64.ActiveCfg = Debug|Any CPU
		{FD7FE883-1FE0-4C4C-B8C1-78DB70D22216}.Debug|x64.Build.0 = Debug|Any CPU
		{FD7FE883-1FE0-4C4C-B8C1-78DB70D22216}.Debug|x86.ActiveCfg = Debug|Any CPU
		{FD7FE883-1FE0-4C4C-B8C1-78DB70D22216}.Debug|x86.Build.0 = Debug|Any CPU
		{FD7FE883-1FE0-4C4C-B8C1-78DB70D22216}.Release|Any CPU.ActiveCfg = Release|Any CPU
		{FD7FE883-1FE0-4C4C-B8C1-78DB70D22216}.Release|Any CPU.Build.0 = Release|Any CPU
		{FD7FE883-1FE0-4C4C-B8C1-78DB70D22216}.Release|x64.ActiveCfg = Release|Any CPU
		{FD7FE883-1FE0-4C4C-B8C1-78DB70D22216}.Release|x64.Build.0 = Release|Any CPU
		{FD7FE883-1FE0-4C4C-B8C1-78DB70D22216}.Release|x86.ActiveCfg = Release|Any CPU
		{FD7FE883-1FE0-4C4C-B8C1-78DB70D22216}.Release|x86.Build.0 = Release|Any CPU
		{7B22E41C-886E-42C4-8B7D-F08682F9F6D6}.Debug|Any CPU.ActiveCfg = Debug|Any CPU
		{7B22E41C-886E-42C4-8B7D-F08682F9F6D6}.Debug|Any CPU.Build.0 = Debug|Any CPU
		{7B22E41C-886E-42C4-8B7D-F08682F9F6D6}.Debug|x64.ActiveCfg = Debug|Any CPU
		{7B22E41C-886E-42C4-8B7D-F08682F9F6D6}.Debug|x64.Build.0 = Debug|Any CPU
		{7B22E41C-886E-42C4-8B7D-F08682F9F6D6}.Debug|x86.ActiveCfg = Debug|Any CPU
		{7B22E41C-886E-42C4-8B7D-F08682F9F6D6}.Debug|x86.Build.0 = Debug|Any CPU
		{7B22E41C-886E-42C4-8B7D-F08682F9F6D6}.Release|Any CPU.ActiveCfg = Release|Any CPU
		{7B22E41C-886E-42C4-8B7D-F08682F9F6D6}.Release|Any CPU.Build.0 = Release|Any CPU
		{7B22E41C-886E-42C4-8B7D-F08682F9F6D6}.Release|x64.ActiveCfg = Release|Any CPU
		{7B22E41C-886E-42C4-8B7D-F08682F9F6D6}.Release|x64.Build.0 = Release|Any CPU
		{7B22E41C-886E-42C4-8B7D-F08682F9F6D6}.Release|x86.ActiveCfg = Release|Any CPU
		{7B22E41C-886E-42C4-8B7D-F08682F9F6D6}.Release|x86.Build.0 = Release|Any CPU
		{FD5A276B-4A80-4626-BCC9-04FE08F9CF4D}.Debug|Any CPU.ActiveCfg = Debug|Any CPU
		{FD5A276B-4A80-4626-BCC9-04FE08F9CF4D}.Debug|Any CPU.Build.0 = Debug|Any CPU
		{FD5A276B-4A80-4626-BCC9-04FE08F9CF4D}.Debug|x64.ActiveCfg = Debug|Any CPU
		{FD5A276B-4A80-4626-BCC9-04FE08F9CF4D}.Debug|x64.Build.0 = Debug|Any CPU
		{FD5A276B-4A80-4626-BCC9-04FE08F9CF4D}.Debug|x86.ActiveCfg = Debug|Any CPU
		{FD5A276B-4A80-4626-BCC9-04FE08F9CF4D}.Debug|x86.Build.0 = Debug|Any CPU
		{FD5A276B-4A80-4626-BCC9-04FE08F9CF4D}.Release|Any CPU.ActiveCfg = Release|Any CPU
		{FD5A276B-4A80-4626-BCC9-04FE08F9CF4D}.Release|Any CPU.Build.0 = Release|Any CPU
		{FD5A276B-4A80-4626-BCC9-04FE08F9CF4D}.Release|x64.ActiveCfg = Release|Any CPU
		{FD5A276B-4A80-4626-BCC9-04FE08F9CF4D}.Release|x64.Build.0 = Release|Any CPU
		{FD5A276B-4A80-4626-BCC9-04FE08F9CF4D}.Release|x86.ActiveCfg = Release|Any CPU
		{FD5A276B-4A80-4626-BCC9-04FE08F9CF4D}.Release|x86.Build.0 = Release|Any CPU
		{F4E2B11A-FC1F-4E8D-BABA-AD414810BD45}.Debug|Any CPU.ActiveCfg = Debug|Any CPU
		{F4E2B11A-FC1F-4E8D-BABA-AD414810BD45}.Debug|Any CPU.Build.0 = Debug|Any CPU
		{F4E2B11A-FC1F-4E8D-BABA-AD414810BD45}.Debug|x64.ActiveCfg = Debug|Any CPU
		{F4E2B11A-FC1F-4E8D-BABA-AD414810BD45}.Debug|x64.Build.0 = Debug|Any CPU
		{F4E2B11A-FC1F-4E8D-BABA-AD414810BD45}.Debug|x86.ActiveCfg = Debug|Any CPU
		{F4E2B11A-FC1F-4E8D-BABA-AD414810BD45}.Debug|x86.Build.0 = Debug|Any CPU
		{F4E2B11A-FC1F-4E8D-BABA-AD414810BD45}.Release|Any CPU.ActiveCfg = Release|Any CPU
		{F4E2B11A-FC1F-4E8D-BABA-AD414810BD45}.Release|Any CPU.Build.0 = Release|Any CPU
		{F4E2B11A-FC1F-4E8D-BABA-AD414810BD45}.Release|x64.ActiveCfg = Release|Any CPU
		{F4E2B11A-FC1F-4E8D-BABA-AD414810BD45}.Release|x64.Build.0 = Release|Any CPU
		{F4E2B11A-FC1F-4E8D-BABA-AD414810BD45}.Release|x86.ActiveCfg = Release|Any CPU
		{F4E2B11A-FC1F-4E8D-BABA-AD414810BD45}.Release|x86.Build.0 = Release|Any CPU
		{7E56D4DC-8B08-41AC-8957-CB90C4FF4F35}.Debug|Any CPU.ActiveCfg = Debug|Any CPU
		{7E56D4DC-8B08-41AC-8957-CB90C4FF4F35}.Debug|Any CPU.Build.0 = Debug|Any CPU
		{7E56D4DC-8B08-41AC-8957-CB90C4FF4F35}.Debug|x64.ActiveCfg = Debug|Any CPU
		{7E56D4DC-8B08-41AC-8957-CB90C4FF4F35}.Debug|x64.Build.0 = Debug|Any CPU
		{7E56D4DC-8B08-41AC-8957-CB90C4FF4F35}.Debug|x86.ActiveCfg = Debug|Any CPU
		{7E56D4DC-8B08-41AC-8957-CB90C4FF4F35}.Debug|x86.Build.0 = Debug|Any CPU
		{7E56D4DC-8B08-41AC-8957-CB90C4FF4F35}.Release|Any CPU.ActiveCfg = Release|Any CPU
		{7E56D4DC-8B08-41AC-8957-CB90C4FF4F35}.Release|Any CPU.Build.0 = Release|Any CPU
		{7E56D4DC-8B08-41AC-8957-CB90C4FF4F35}.Release|x64.ActiveCfg = Release|Any CPU
		{7E56D4DC-8B08-41AC-8957-CB90C4FF4F35}.Release|x64.Build.0 = Release|Any CPU
		{7E56D4DC-8B08-41AC-8957-CB90C4FF4F35}.Release|x86.ActiveCfg = Release|Any CPU
		{7E56D4DC-8B08-41AC-8957-CB90C4FF4F35}.Release|x86.Build.0 = Release|Any CPU
		{7F28E557-68C8-4D88-8C2C-DCD20C11FA33}.Debug|Any CPU.ActiveCfg = Debug|Any CPU
		{7F28E557-68C8-4D88-8C2C-DCD20C11FA33}.Debug|Any CPU.Build.0 = Debug|Any CPU
		{7F28E557-68C8-4D88-8C2C-DCD20C11FA33}.Debug|x64.ActiveCfg = Debug|Any CPU
		{7F28E557-68C8-4D88-8C2C-DCD20C11FA33}.Debug|x64.Build.0 = Debug|Any CPU
		{7F28E557-68C8-4D88-8C2C-DCD20C11FA33}.Debug|x86.ActiveCfg = Debug|Any CPU
		{7F28E557-68C8-4D88-8C2C-DCD20C11FA33}.Debug|x86.Build.0 = Debug|Any CPU
		{7F28E557-68C8-4D88-8C2C-DCD20C11FA33}.Release|Any CPU.ActiveCfg = Release|Any CPU
		{7F28E557-68C8-4D88-8C2C-DCD20C11FA33}.Release|Any CPU.Build.0 = Release|Any CPU
		{7F28E557-68C8-4D88-8C2C-DCD20C11FA33}.Release|x64.ActiveCfg = Release|Any CPU
		{7F28E557-68C8-4D88-8C2C-DCD20C11FA33}.Release|x64.Build.0 = Release|Any CPU
		{7F28E557-68C8-4D88-8C2C-DCD20C11FA33}.Release|x86.ActiveCfg = Release|Any CPU
		{7F28E557-68C8-4D88-8C2C-DCD20C11FA33}.Release|x86.Build.0 = Release|Any CPU
		{F94802FE-9848-4743-96FD-BA7FCD09892A}.Debug|Any CPU.ActiveCfg = Debug|Any CPU
		{F94802FE-9848-4743-96FD-BA7FCD09892A}.Debug|Any CPU.Build.0 = Debug|Any CPU
		{F94802FE-9848-4743-96FD-BA7FCD09892A}.Debug|x64.ActiveCfg = Debug|Any CPU
		{F94802FE-9848-4743-96FD-BA7FCD09892A}.Debug|x64.Build.0 = Debug|Any CPU
		{F94802FE-9848-4743-96FD-BA7FCD09892A}.Debug|x86.ActiveCfg = Debug|Any CPU
		{F94802FE-9848-4743-96FD-BA7FCD09892A}.Debug|x86.Build.0 = Debug|Any CPU
		{F94802FE-9848-4743-96FD-BA7FCD09892A}.Release|Any CPU.ActiveCfg = Release|Any CPU
		{F94802FE-9848-4743-96FD-BA7FCD09892A}.Release|Any CPU.Build.0 = Release|Any CPU
		{F94802FE-9848-4743-96FD-BA7FCD09892A}.Release|x64.ActiveCfg = Release|Any CPU
		{F94802FE-9848-4743-96FD-BA7FCD09892A}.Release|x64.Build.0 = Release|Any CPU
		{F94802FE-9848-4743-96FD-BA7FCD09892A}.Release|x86.ActiveCfg = Release|Any CPU
		{F94802FE-9848-4743-96FD-BA7FCD09892A}.Release|x86.Build.0 = Release|Any CPU
		{4D98D7F8-1218-453E-80B1-0CB2D9482FBE}.Debug|Any CPU.ActiveCfg = Debug|Any CPU
		{4D98D7F8-1218-453E-80B1-0CB2D9482FBE}.Debug|Any CPU.Build.0 = Debug|Any CPU
		{4D98D7F8-1218-453E-80B1-0CB2D9482FBE}.Debug|x64.ActiveCfg = Debug|Any CPU
		{4D98D7F8-1218-453E-80B1-0CB2D9482FBE}.Debug|x64.Build.0 = Debug|Any CPU
		{4D98D7F8-1218-453E-80B1-0CB2D9482FBE}.Debug|x86.ActiveCfg = Debug|Any CPU
		{4D98D7F8-1218-453E-80B1-0CB2D9482FBE}.Debug|x86.Build.0 = Debug|Any CPU
		{4D98D7F8-1218-453E-80B1-0CB2D9482FBE}.Release|Any CPU.ActiveCfg = Release|Any CPU
		{4D98D7F8-1218-453E-80B1-0CB2D9482FBE}.Release|Any CPU.Build.0 = Release|Any CPU
		{4D98D7F8-1218-453E-80B1-0CB2D9482FBE}.Release|x64.ActiveCfg = Release|Any CPU
		{4D98D7F8-1218-453E-80B1-0CB2D9482FBE}.Release|x64.Build.0 = Release|Any CPU
		{4D98D7F8-1218-453E-80B1-0CB2D9482FBE}.Release|x86.ActiveCfg = Release|Any CPU
		{4D98D7F8-1218-453E-80B1-0CB2D9482FBE}.Release|x86.Build.0 = Release|Any CPU
		{985A9D7D-7938-4D9D-8E51-39F145A9B470}.Debug|Any CPU.ActiveCfg = Debug|Any CPU
		{985A9D7D-7938-4D9D-8E51-39F145A9B470}.Debug|Any CPU.Build.0 = Debug|Any CPU
		{985A9D7D-7938-4D9D-8E51-39F145A9B470}.Debug|x64.ActiveCfg = Debug|Any CPU
		{985A9D7D-7938-4D9D-8E51-39F145A9B470}.Debug|x64.Build.0 = Debug|Any CPU
		{985A9D7D-7938-4D9D-8E51-39F145A9B470}.Debug|x86.ActiveCfg = Debug|Any CPU
		{985A9D7D-7938-4D9D-8E51-39F145A9B470}.Debug|x86.Build.0 = Debug|Any CPU
		{985A9D7D-7938-4D9D-8E51-39F145A9B470}.Release|Any CPU.ActiveCfg = Release|Any CPU
		{985A9D7D-7938-4D9D-8E51-39F145A9B470}.Release|Any CPU.Build.0 = Release|Any CPU
		{985A9D7D-7938-4D9D-8E51-39F145A9B470}.Release|x64.ActiveCfg = Release|Any CPU
		{985A9D7D-7938-4D9D-8E51-39F145A9B470}.Release|x64.Build.0 = Release|Any CPU
		{985A9D7D-7938-4D9D-8E51-39F145A9B470}.Release|x86.ActiveCfg = Release|Any CPU
		{985A9D7D-7938-4D9D-8E51-39F145A9B470}.Release|x86.Build.0 = Release|Any CPU
		{F8C6B06B-5612-4711-8D62-3A01C0557BAD}.Debug|Any CPU.ActiveCfg = Debug|Any CPU
		{F8C6B06B-5612-4711-8D62-3A01C0557BAD}.Debug|Any CPU.Build.0 = Debug|Any CPU
		{F8C6B06B-5612-4711-8D62-3A01C0557BAD}.Debug|x64.ActiveCfg = Debug|Any CPU
		{F8C6B06B-5612-4711-8D62-3A01C0557BAD}.Debug|x64.Build.0 = Debug|Any CPU
		{F8C6B06B-5612-4711-8D62-3A01C0557BAD}.Debug|x86.ActiveCfg = Debug|Any CPU
		{F8C6B06B-5612-4711-8D62-3A01C0557BAD}.Debug|x86.Build.0 = Debug|Any CPU
		{F8C6B06B-5612-4711-8D62-3A01C0557BAD}.Release|Any CPU.ActiveCfg = Release|Any CPU
		{F8C6B06B-5612-4711-8D62-3A01C0557BAD}.Release|Any CPU.Build.0 = Release|Any CPU
		{F8C6B06B-5612-4711-8D62-3A01C0557BAD}.Release|x64.ActiveCfg = Release|Any CPU
		{F8C6B06B-5612-4711-8D62-3A01C0557BAD}.Release|x64.Build.0 = Release|Any CPU
		{F8C6B06B-5612-4711-8D62-3A01C0557BAD}.Release|x86.ActiveCfg = Release|Any CPU
		{F8C6B06B-5612-4711-8D62-3A01C0557BAD}.Release|x86.Build.0 = Release|Any CPU
		{B1CFEC60-3C26-4D8F-8635-8B8775852174}.Debug|Any CPU.ActiveCfg = Debug|Any CPU
		{B1CFEC60-3C26-4D8F-8635-8B8775852174}.Debug|Any CPU.Build.0 = Debug|Any CPU
		{B1CFEC60-3C26-4D8F-8635-8B8775852174}.Debug|x64.ActiveCfg = Debug|Any CPU
		{B1CFEC60-3C26-4D8F-8635-8B8775852174}.Debug|x64.Build.0 = Debug|Any CPU
		{B1CFEC60-3C26-4D8F-8635-8B8775852174}.Debug|x86.ActiveCfg = Debug|Any CPU
		{B1CFEC60-3C26-4D8F-8635-8B8775852174}.Debug|x86.Build.0 = Debug|Any CPU
		{B1CFEC60-3C26-4D8F-8635-8B8775852174}.Release|Any CPU.ActiveCfg = Release|Any CPU
		{B1CFEC60-3C26-4D8F-8635-8B8775852174}.Release|Any CPU.Build.0 = Release|Any CPU
		{B1CFEC60-3C26-4D8F-8635-8B8775852174}.Release|x64.ActiveCfg = Release|Any CPU
		{B1CFEC60-3C26-4D8F-8635-8B8775852174}.Release|x64.Build.0 = Release|Any CPU
		{B1CFEC60-3C26-4D8F-8635-8B8775852174}.Release|x86.ActiveCfg = Release|Any CPU
		{B1CFEC60-3C26-4D8F-8635-8B8775852174}.Release|x86.Build.0 = Release|Any CPU
		{F185EEB0-8512-4BB6-804A-48133FC7423D}.Debug|Any CPU.ActiveCfg = Debug|Any CPU
		{F185EEB0-8512-4BB6-804A-48133FC7423D}.Debug|Any CPU.Build.0 = Debug|Any CPU
		{F185EEB0-8512-4BB6-804A-48133FC7423D}.Debug|x64.ActiveCfg = Debug|Any CPU
		{F185EEB0-8512-4BB6-804A-48133FC7423D}.Debug|x64.Build.0 = Debug|Any CPU
		{F185EEB0-8512-4BB6-804A-48133FC7423D}.Debug|x86.ActiveCfg = Debug|Any CPU
		{F185EEB0-8512-4BB6-804A-48133FC7423D}.Debug|x86.Build.0 = Debug|Any CPU
		{F185EEB0-8512-4BB6-804A-48133FC7423D}.Release|Any CPU.ActiveCfg = Release|Any CPU
		{F185EEB0-8512-4BB6-804A-48133FC7423D}.Release|Any CPU.Build.0 = Release|Any CPU
		{F185EEB0-8512-4BB6-804A-48133FC7423D}.Release|x64.ActiveCfg = Release|Any CPU
		{F185EEB0-8512-4BB6-804A-48133FC7423D}.Release|x64.Build.0 = Release|Any CPU
		{F185EEB0-8512-4BB6-804A-48133FC7423D}.Release|x86.ActiveCfg = Release|Any CPU
		{F185EEB0-8512-4BB6-804A-48133FC7423D}.Release|x86.Build.0 = Release|Any CPU
		{688EC12B-3A89-4FBA-ABEB-D8A5C8026887}.Debug|Any CPU.ActiveCfg = Debug|Any CPU
		{688EC12B-3A89-4FBA-ABEB-D8A5C8026887}.Debug|Any CPU.Build.0 = Debug|Any CPU
		{688EC12B-3A89-4FBA-ABEB-D8A5C8026887}.Debug|x64.ActiveCfg = Debug|Any CPU
		{688EC12B-3A89-4FBA-ABEB-D8A5C8026887}.Debug|x64.Build.0 = Debug|Any CPU
		{688EC12B-3A89-4FBA-ABEB-D8A5C8026887}.Debug|x86.ActiveCfg = Debug|Any CPU
		{688EC12B-3A89-4FBA-ABEB-D8A5C8026887}.Debug|x86.Build.0 = Debug|Any CPU
		{688EC12B-3A89-4FBA-ABEB-D8A5C8026887}.Release|Any CPU.ActiveCfg = Release|Any CPU
		{688EC12B-3A89-4FBA-ABEB-D8A5C8026887}.Release|Any CPU.Build.0 = Release|Any CPU
		{688EC12B-3A89-4FBA-ABEB-D8A5C8026887}.Release|x64.ActiveCfg = Release|Any CPU
		{688EC12B-3A89-4FBA-ABEB-D8A5C8026887}.Release|x64.Build.0 = Release|Any CPU
		{688EC12B-3A89-4FBA-ABEB-D8A5C8026887}.Release|x86.ActiveCfg = Release|Any CPU
		{688EC12B-3A89-4FBA-ABEB-D8A5C8026887}.Release|x86.Build.0 = Release|Any CPU
		{2C2BE25C-7220-4768-85D3-4960947140B7}.Debug|Any CPU.ActiveCfg = Debug|Any CPU
		{2C2BE25C-7220-4768-85D3-4960947140B7}.Debug|Any CPU.Build.0 = Debug|Any CPU
		{2C2BE25C-7220-4768-85D3-4960947140B7}.Debug|x64.ActiveCfg = Debug|Any CPU
		{2C2BE25C-7220-4768-85D3-4960947140B7}.Debug|x64.Build.0 = Debug|Any CPU
		{2C2BE25C-7220-4768-85D3-4960947140B7}.Debug|x86.ActiveCfg = Debug|Any CPU
		{2C2BE25C-7220-4768-85D3-4960947140B7}.Debug|x86.Build.0 = Debug|Any CPU
		{2C2BE25C-7220-4768-85D3-4960947140B7}.Release|Any CPU.ActiveCfg = Release|Any CPU
		{2C2BE25C-7220-4768-85D3-4960947140B7}.Release|Any CPU.Build.0 = Release|Any CPU
		{2C2BE25C-7220-4768-85D3-4960947140B7}.Release|x64.ActiveCfg = Release|Any CPU
		{2C2BE25C-7220-4768-85D3-4960947140B7}.Release|x64.Build.0 = Release|Any CPU
		{2C2BE25C-7220-4768-85D3-4960947140B7}.Release|x86.ActiveCfg = Release|Any CPU
		{2C2BE25C-7220-4768-85D3-4960947140B7}.Release|x86.Build.0 = Release|Any CPU
		{51DC5177-9489-4976-9A85-9019CACEB8F7}.Debug|Any CPU.ActiveCfg = Debug|Any CPU
		{51DC5177-9489-4976-9A85-9019CACEB8F7}.Debug|Any CPU.Build.0 = Debug|Any CPU
		{51DC5177-9489-4976-9A85-9019CACEB8F7}.Debug|x64.ActiveCfg = Debug|Any CPU
		{51DC5177-9489-4976-9A85-9019CACEB8F7}.Debug|x64.Build.0 = Debug|Any CPU
		{51DC5177-9489-4976-9A85-9019CACEB8F7}.Debug|x86.ActiveCfg = Debug|Any CPU
		{51DC5177-9489-4976-9A85-9019CACEB8F7}.Debug|x86.Build.0 = Debug|Any CPU
		{51DC5177-9489-4976-9A85-9019CACEB8F7}.Release|Any CPU.ActiveCfg = Release|Any CPU
		{51DC5177-9489-4976-9A85-9019CACEB8F7}.Release|Any CPU.Build.0 = Release|Any CPU
		{51DC5177-9489-4976-9A85-9019CACEB8F7}.Release|x64.ActiveCfg = Release|Any CPU
		{51DC5177-9489-4976-9A85-9019CACEB8F7}.Release|x64.Build.0 = Release|Any CPU
		{51DC5177-9489-4976-9A85-9019CACEB8F7}.Release|x86.ActiveCfg = Release|Any CPU
		{51DC5177-9489-4976-9A85-9019CACEB8F7}.Release|x86.Build.0 = Release|Any CPU
		{2BDC73F9-8772-4A0D-B260-C01CA600CD95}.Debug|Any CPU.ActiveCfg = Debug|Any CPU
		{2BDC73F9-8772-4A0D-B260-C01CA600CD95}.Debug|Any CPU.Build.0 = Debug|Any CPU
		{2BDC73F9-8772-4A0D-B260-C01CA600CD95}.Debug|x64.ActiveCfg = Debug|Any CPU
		{2BDC73F9-8772-4A0D-B260-C01CA600CD95}.Debug|x64.Build.0 = Debug|Any CPU
		{2BDC73F9-8772-4A0D-B260-C01CA600CD95}.Debug|x86.ActiveCfg = Debug|Any CPU
		{2BDC73F9-8772-4A0D-B260-C01CA600CD95}.Debug|x86.Build.0 = Debug|Any CPU
		{2BDC73F9-8772-4A0D-B260-C01CA600CD95}.Release|Any CPU.ActiveCfg = Release|Any CPU
		{2BDC73F9-8772-4A0D-B260-C01CA600CD95}.Release|Any CPU.Build.0 = Release|Any CPU
		{2BDC73F9-8772-4A0D-B260-C01CA600CD95}.Release|x64.ActiveCfg = Release|Any CPU
		{2BDC73F9-8772-4A0D-B260-C01CA600CD95}.Release|x64.Build.0 = Release|Any CPU
		{2BDC73F9-8772-4A0D-B260-C01CA600CD95}.Release|x86.ActiveCfg = Release|Any CPU
		{2BDC73F9-8772-4A0D-B260-C01CA600CD95}.Release|x86.Build.0 = Release|Any CPU
		{D58031DF-5A99-4FF2-9A76-6907C28F7FB5}.Debug|Any CPU.ActiveCfg = Debug|Any CPU
		{D58031DF-5A99-4FF2-9A76-6907C28F7FB5}.Debug|Any CPU.Build.0 = Debug|Any CPU
		{D58031DF-5A99-4FF2-9A76-6907C28F7FB5}.Debug|x64.ActiveCfg = Debug|Any CPU
		{D58031DF-5A99-4FF2-9A76-6907C28F7FB5}.Debug|x64.Build.0 = Debug|Any CPU
		{D58031DF-5A99-4FF2-9A76-6907C28F7FB5}.Debug|x86.ActiveCfg = Debug|Any CPU
		{D58031DF-5A99-4FF2-9A76-6907C28F7FB5}.Debug|x86.Build.0 = Debug|Any CPU
		{D58031DF-5A99-4FF2-9A76-6907C28F7FB5}.Release|Any CPU.ActiveCfg = Release|Any CPU
		{D58031DF-5A99-4FF2-9A76-6907C28F7FB5}.Release|Any CPU.Build.0 = Release|Any CPU
		{D58031DF-5A99-4FF2-9A76-6907C28F7FB5}.Release|x64.ActiveCfg = Release|Any CPU
		{D58031DF-5A99-4FF2-9A76-6907C28F7FB5}.Release|x64.Build.0 = Release|Any CPU
		{D58031DF-5A99-4FF2-9A76-6907C28F7FB5}.Release|x86.ActiveCfg = Release|Any CPU
		{D58031DF-5A99-4FF2-9A76-6907C28F7FB5}.Release|x86.Build.0 = Release|Any CPU
	EndGlobalSection
	GlobalSection(SolutionProperties) = preSolution
		HideSolutionNode = FALSE
	EndGlobalSection
	GlobalSection(NestedProjects) = preSolution
		{FD7FE883-1FE0-4C4C-B8C1-78DB70D22216} = {827E0CD3-B72D-47B6-A68D-7590B98EB39B}
		{7B22E41C-886E-42C4-8B7D-F08682F9F6D6} = {827E0CD3-B72D-47B6-A68D-7590B98EB39B}
		{FD5A276B-4A80-4626-BCC9-04FE08F9CF4D} = {827E0CD3-B72D-47B6-A68D-7590B98EB39B}
		{F4E2B11A-FC1F-4E8D-BABA-AD414810BD45} = {827E0CD3-B72D-47B6-A68D-7590B98EB39B}
		{7E56D4DC-8B08-41AC-8957-CB90C4FF4F35} = {07C2787E-EAC7-C090-1BA3-A61EC2A24D84}
		{7F28E557-68C8-4D88-8C2C-DCD20C11FA33} = {827E0CD3-B72D-47B6-A68D-7590B98EB39B}
		{F94802FE-9848-4743-96FD-BA7FCD09892A} = {827E0CD3-B72D-47B6-A68D-7590B98EB39B}
		{4D98D7F8-1218-453E-80B1-0CB2D9482FBE} = {827E0CD3-B72D-47B6-A68D-7590B98EB39B}
		{985A9D7D-7938-4D9D-8E51-39F145A9B470} = {827E0CD3-B72D-47B6-A68D-7590B98EB39B}
		{F8C6B06B-5612-4711-8D62-3A01C0557BAD} = {827E0CD3-B72D-47B6-A68D-7590B98EB39B}
		{B1CFEC60-3C26-4D8F-8635-8B8775852174} = {827E0CD3-B72D-47B6-A68D-7590B98EB39B}
		{F185EEB0-8512-4BB6-804A-48133FC7423D} = {827E0CD3-B72D-47B6-A68D-7590B98EB39B}
		{688EC12B-3A89-4FBA-ABEB-D8A5C8026887} = {827E0CD3-B72D-47B6-A68D-7590B98EB39B}
		{2C2BE25C-7220-4768-85D3-4960947140B7} = {827E0CD3-B72D-47B6-A68D-7590B98EB39B}
		{51DC5177-9489-4976-9A85-9019CACEB8F7} = {827E0CD3-B72D-47B6-A68D-7590B98EB39B}
		{2BDC73F9-8772-4A0D-B260-C01CA600CD95} = {0AB3BF05-4346-4AA6-1389-037BE0695223}
		{D58031DF-5A99-4FF2-9A76-6907C28F7FB5} = {0AB3BF05-4346-4AA6-1389-037BE0695223}
	EndGlobalSection
EndGlobal
